
Microsoft Visual Studio Solution File, Format Version 12.00
# Visual Studio Version 16
VisualStudioVersion = 16.0.30413.136
MinimumVisualStudioVersion = 10.0.40219.1
Project("{FAE04EC0-301F-11D3-BF4B-00C04F79EFBC}") = "HTML5ReportProject", "HTML5ReportProject\HTML5ReportProject.csproj", "{D85C92BC-2993-49AF-978F-E9C771EAB983}"
EndProject
Project("{FAE04EC0-301F-11D3-BF4B-00C04F79EFBC}") = "TelerikHTML5ReportViewerTests", "TelerikHTML5ReportViewerTests\TelerikHTML5ReportViewerTests.csproj", "{436A07BD-F844-4E49-9510-D86EB3E34251}"
EndProject
Project("{FAE04EC0-301F-11D3-BF4B-00C04F79EFBC}") = "AutomationResources", "AutomationResources\AutomationResources.csproj", "{E569C0B7-1E90-481D-AD54-47E7A8D5CFA4}"
EndProject
Global
	GlobalSection(SolutionConfigurationPlatforms) = preSolution
		Debug|Any CPU = Debug|Any CPU
		Release|Any CPU = Release|Any CPU
	EndGlobalSection
	GlobalSection(ProjectConfigurationPlatforms) = postSolution
		{D85C92BC-2993-49AF-978F-E9C771EAB983}.Debug|Any CPU.ActiveCfg = Debug|Any CPU
		{D85C92BC-2993-49AF-978F-E9C771EAB983}.Debug|Any CPU.Build.0 = Debug|Any CPU
		{D85C92BC-2993-49AF-978F-E9C771EAB983}.Release|Any CPU.ActiveCfg = Release|Any CPU
		{D85C92BC-2993-49AF-978F-E9C771EAB983}.Release|Any CPU.Build.0 = Release|Any CPU
		{436A07BD-F844-4E49-9510-D86EB3E34251}.Debug|Any CPU.ActiveCfg = Debug|Any CPU
		{436A07BD-F844-4E49-9510-D86EB3E34251}.Debug|Any CPU.Build.0 = Debug|Any CPU
		{436A07BD-F844-4E49-9510-D86EB3E34251}.Release|Any CPU.ActiveCfg = Release|Any CPU
		{436A07BD-F844-4E49-9510-D86EB3E34251}.Release|Any CPU.Build.0 = Release|Any CPU
		{E569C0B7-1E90-481D-AD54-47E7A8D5CFA4}.Debug|Any CPU.ActiveCfg = Debug|Any CPU
		{E569C0B7-1E90-481D-AD54-47E7A8D5CFA4}.Debug|Any CPU.Build.0 = Debug|Any CPU
		{E569C0B7-1E90-481D-AD54-47E7A8D5CFA4}.Release|Any CPU.ActiveCfg = Release|Any CPU
		{E569C0B7-1E90-481D-AD54-47E7A8D5CFA4}.Release|Any CPU.Build.0 = Release|Any CPU
	EndGlobalSection
	GlobalSection(SolutionProperties) = preSolution
		HideSolutionNode = FALSE
	EndGlobalSection
	GlobalSection(ExtensibilityGlobals) = postSolution
		SolutionGuid = {F79DC4CF-CE7E-4BA4-9227-05BAEC763C4B}
	EndGlobalSection
EndGlobal
